// !$*UTF8*$!
{
	archiveVersion = 1;
	classes = {
	};
	objectVersion = 50;
	objects = {

/* Begin PBXBuildFile section */
		56850D26242616630088F434 /* Model.swift in Sources */ = {isa = PBXBuildFile; fileRef = 56850D25242616630088F434 /* Model.swift */; };
		56850D282426166C0088F434 /* ViewModel.swift in Sources */ = {isa = PBXBuildFile; fileRef = 56850D272426166C0088F434 /* ViewModel.swift */; };
		56850D2A242616810088F434 /* TabBarView.swift in Sources */ = {isa = PBXBuildFile; fileRef = 56850D29242616810088F434 /* TabBarView.swift */; };
		56850D2C242616D70088F434 /* ShopingList.swift in Sources */ = {isa = PBXBuildFile; fileRef = 56850D2B242616D70088F434 /* ShopingList.swift */; };
		56850D2F24261B690088F434 /* MapView.swift in Sources */ = {isa = PBXBuildFile; fileRef = 56850D2E24261B690088F434 /* MapView.swift */; };
		56850D3124261BF70088F434 /* LandmarkModel.swift in Sources */ = {isa = PBXBuildFile; fileRef = 56850D3024261BF70088F434 /* LandmarkModel.swift */; };
		56850D3324262C5A0088F434 /* CategoryModel.swift in Sources */ = {isa = PBXBuildFile; fileRef = 56850D3224262C5A0088F434 /* CategoryModel.swift */; };
		B357BEA72425F8F200002D6F /* AppDelegate.swift in Sources */ = {isa = PBXBuildFile; fileRef = B357BEA62425F8F200002D6F /* AppDelegate.swift */; };
		B357BEA92425F8F200002D6F /* SceneDelegate.swift in Sources */ = {isa = PBXBuildFile; fileRef = B357BEA82425F8F200002D6F /* SceneDelegate.swift */; };
		B357BEAB2425F8F200002D6F /* ContentView.swift in Sources */ = {isa = PBXBuildFile; fileRef = B357BEAA2425F8F200002D6F /* ContentView.swift */; };
		B357BEAD2425F8F600002D6F /* Assets.xcassets in Resources */ = {isa = PBXBuildFile; fileRef = B357BEAC2425F8F600002D6F /* Assets.xcassets */; };
		B357BEB02425F8F600002D6F /* Preview Assets.xcassets in Resources */ = {isa = PBXBuildFile; fileRef = B357BEAF2425F8F600002D6F /* Preview Assets.xcassets */; };
		B357BEB32425F8F600002D6F /* LaunchScreen.storyboard in Resources */ = {isa = PBXBuildFile; fileRef = B357BEB12425F8F600002D6F /* LaunchScreen.storyboard */; };
		B357BEBE2425F8F700002D6F /* Stock_TrackingTests.swift in Sources */ = {isa = PBXBuildFile; fileRef = B357BEBD2425F8F700002D6F /* Stock_TrackingTests.swift */; };
		B357BEC92426063700002D6F /* ShopList.swift in Sources */ = {isa = PBXBuildFile; fileRef = B357BEC82426063700002D6F /* ShopList.swift */; };
		B357BECC2426217300002D6F /* Colors.swift in Sources */ = {isa = PBXBuildFile; fileRef = B357BECB2426217300002D6F /* Colors.swift */; };
		B357BECE2426255400002D6F /* ShopCell.swift in Sources */ = {isa = PBXBuildFile; fileRef = B357BECD2426255400002D6F /* ShopCell.swift */; };
		B357BED0242625AD00002D6F /* ShopListModel.swift in Sources */ = {isa = PBXBuildFile; fileRef = B357BECF242625AD00002D6F /* ShopListModel.swift */; };
		B357BED2242625BE00002D6F /* ShopModel.swift in Sources */ = {isa = PBXBuildFile; fileRef = B357BED1242625BE00002D6F /* ShopModel.swift */; };
		B357BED4242625CD00002D6F /* ProductModel.swift in Sources */ = {isa = PBXBuildFile; fileRef = B357BED3242625CD00002D6F /* ProductModel.swift */; };
		B357BED6242625EB00002D6F /* Availability.swift in Sources */ = {isa = PBXBuildFile; fileRef = B357BED5242625EB00002D6F /* Availability.swift */; };
		B357BED82426274F00002D6F /* ShopMap.swift in Sources */ = {isa = PBXBuildFile; fileRef = B357BED72426274F00002D6F /* ShopMap.swift */; };
		B357BEDA242629CB00002D6F /* Location.swift in Sources */ = {isa = PBXBuildFile; fileRef = B357BED9242629CB00002D6F /* Location.swift */; };
		B3EBBEB0242638F4007D5C36 /* ShopsView.swift in Sources */ = {isa = PBXBuildFile; fileRef = B3EBBEAF242638F4007D5C36 /* ShopsView.swift */; };
/* End PBXBuildFile section */

/* Begin PBXContainerItemProxy section */
		B357BEBA2425F8F700002D6F /* PBXContainerItemProxy */ = {
			isa = PBXContainerItemProxy;
			containerPortal = B357BE9B2425F8F200002D6F /* Project object */;
			proxyType = 1;
			remoteGlobalIDString = B357BEA22425F8F200002D6F;
			remoteInfo = "Stock Tracking";
		};
/* End PBXContainerItemProxy section */

/* Begin PBXFileReference section */
		56850D25242616630088F434 /* Model.swift */ = {isa = PBXFileReference; lastKnownFileType = sourcecode.swift; path = Model.swift; sourceTree = "<group>"; };
		56850D272426166C0088F434 /* ViewModel.swift */ = {isa = PBXFileReference; lastKnownFileType = sourcecode.swift; path = ViewModel.swift; sourceTree = "<group>"; };
		56850D29242616810088F434 /* TabBarView.swift */ = {isa = PBXFileReference; lastKnownFileType = sourcecode.swift; path = TabBarView.swift; sourceTree = "<group>"; };
		56850D2B242616D70088F434 /* ShopingList.swift */ = {isa = PBXFileReference; lastKnownFileType = sourcecode.swift; path = ShopingList.swift; sourceTree = "<group>"; };
		56850D2E24261B690088F434 /* MapView.swift */ = {isa = PBXFileReference; lastKnownFileType = sourcecode.swift; path = MapView.swift; sourceTree = "<group>"; };
		56850D3024261BF70088F434 /* LandmarkModel.swift */ = {isa = PBXFileReference; lastKnownFileType = sourcecode.swift; path = LandmarkModel.swift; sourceTree = "<group>"; };
		56850D3224262C5A0088F434 /* CategoryModel.swift */ = {isa = PBXFileReference; lastKnownFileType = sourcecode.swift; path = CategoryModel.swift; sourceTree = "<group>"; };
		B357BEA32425F8F200002D6F /* Stock Tracking.app */ = {isa = PBXFileReference; explicitFileType = wrapper.application; includeInIndex = 0; path = "Stock Tracking.app"; sourceTree = BUILT_PRODUCTS_DIR; };
		B357BEA62425F8F200002D6F /* AppDelegate.swift */ = {isa = PBXFileReference; lastKnownFileType = sourcecode.swift; path = AppDelegate.swift; sourceTree = "<group>"; };
		B357BEA82425F8F200002D6F /* SceneDelegate.swift */ = {isa = PBXFileReference; lastKnownFileType = sourcecode.swift; path = SceneDelegate.swift; sourceTree = "<group>"; };
		B357BEAA2425F8F200002D6F /* ContentView.swift */ = {isa = PBXFileReference; lastKnownFileType = sourcecode.swift; path = ContentView.swift; sourceTree = "<group>"; };
		B357BEAC2425F8F600002D6F /* Assets.xcassets */ = {isa = PBXFileReference; lastKnownFileType = folder.assetcatalog; path = Assets.xcassets; sourceTree = "<group>"; };
		B357BEAF2425F8F600002D6F /* Preview Assets.xcassets */ = {isa = PBXFileReference; lastKnownFileType = folder.assetcatalog; path = "Preview Assets.xcassets"; sourceTree = "<group>"; };
		B357BEB22425F8F600002D6F /* Base */ = {isa = PBXFileReference; lastKnownFileType = file.storyboard; name = Base; path = Base.lproj/LaunchScreen.storyboard; sourceTree = "<group>"; };
		B357BEB42425F8F600002D6F /* Info.plist */ = {isa = PBXFileReference; lastKnownFileType = text.plist.xml; path = Info.plist; sourceTree = "<group>"; };
		B357BEB92425F8F700002D6F /* Stock TrackingTests.xctest */ = {isa = PBXFileReference; explicitFileType = wrapper.cfbundle; includeInIndex = 0; path = "Stock TrackingTests.xctest"; sourceTree = BUILT_PRODUCTS_DIR; };
		B357BEBD2425F8F700002D6F /* Stock_TrackingTests.swift */ = {isa = PBXFileReference; lastKnownFileType = sourcecode.swift; path = Stock_TrackingTests.swift; sourceTree = "<group>"; };
		B357BEBF2425F8F700002D6F /* Info.plist */ = {isa = PBXFileReference; lastKnownFileType = text.plist.xml; path = Info.plist; sourceTree = "<group>"; };
		B357BEC82426063700002D6F /* ShopList.swift */ = {isa = PBXFileReference; lastKnownFileType = sourcecode.swift; path = ShopList.swift; sourceTree = "<group>"; };
		B357BECB2426217300002D6F /* Colors.swift */ = {isa = PBXFileReference; lastKnownFileType = sourcecode.swift; path = Colors.swift; sourceTree = "<group>"; };
		B357BECD2426255400002D6F /* ShopCell.swift */ = {isa = PBXFileReference; lastKnownFileType = sourcecode.swift; path = ShopCell.swift; sourceTree = "<group>"; };
		B357BECF242625AD00002D6F /* ShopListModel.swift */ = {isa = PBXFileReference; lastKnownFileType = sourcecode.swift; path = ShopListModel.swift; sourceTree = "<group>"; };
		B357BED1242625BE00002D6F /* ShopModel.swift */ = {isa = PBXFileReference; lastKnownFileType = sourcecode.swift; path = ShopModel.swift; sourceTree = "<group>"; };
		B357BED3242625CD00002D6F /* ProductModel.swift */ = {isa = PBXFileReference; lastKnownFileType = sourcecode.swift; path = ProductModel.swift; sourceTree = "<group>"; };
		B357BED5242625EB00002D6F /* Availability.swift */ = {isa = PBXFileReference; lastKnownFileType = sourcecode.swift; path = Availability.swift; sourceTree = "<group>"; };
		B357BED72426274F00002D6F /* ShopMap.swift */ = {isa = PBXFileReference; lastKnownFileType = sourcecode.swift; path = ShopMap.swift; sourceTree = "<group>"; };
		B357BED9242629CB00002D6F /* Location.swift */ = {isa = PBXFileReference; lastKnownFileType = sourcecode.swift; path = Location.swift; sourceTree = "<group>"; };
		B3EBBEAF242638F4007D5C36 /* ShopsView.swift */ = {isa = PBXFileReference; lastKnownFileType = sourcecode.swift; path = ShopsView.swift; sourceTree = "<group>"; };
/* End PBXFileReference section */

/* Begin PBXFrameworksBuildPhase section */
		B357BEA02425F8F200002D6F /* Frameworks */ = {
			isa = PBXFrameworksBuildPhase;
			buildActionMask = 2147483647;
			files = (
			);
			runOnlyForDeploymentPostprocessing = 0;
		};
		B357BEB62425F8F700002D6F /* Frameworks */ = {
			isa = PBXFrameworksBuildPhase;
			buildActionMask = 2147483647;
			files = (
			);
			runOnlyForDeploymentPostprocessing = 0;
		};
/* End PBXFrameworksBuildPhase section */

/* Begin PBXGroup section */
		56850D22242616400088F434 /* View */ = {
			isa = PBXGroup;
			children = (
				56850D2D24261B250088F434 /* SubViews */,
				56850D29242616810088F434 /* TabBarView.swift */,
				56850D2B242616D70088F434 /* ShopingList.swift */,
				B357BEC82426063700002D6F /* ShopList.swift */,
				B357BED72426274F00002D6F /* ShopMap.swift */,
				B3EBBEAF242638F4007D5C36 /* ShopsView.swift */,
			);
			path = View;
			sourceTree = "<group>";
		};
		56850D232426164F0088F434 /* ViewModel */ = {
			isa = PBXGroup;
			children = (
				56850D272426166C0088F434 /* ViewModel.swift */,
				B357BECF242625AD00002D6F /* ShopListModel.swift */,
				B357BED1242625BE00002D6F /* ShopModel.swift */,
				B357BED3242625CD00002D6F /* ProductModel.swift */,
				56850D3224262C5A0088F434 /* CategoryModel.swift */,
			);
			path = ViewModel;
			sourceTree = "<group>";
		};
		56850D24242616580088F434 /* Model */ = {
			isa = PBXGroup;
			children = (
				56850D25242616630088F434 /* Model.swift */,
				56850D3024261BF70088F434 /* LandmarkModel.swift */,
				B357BED5242625EB00002D6F /* Availability.swift */,
				B357BED9242629CB00002D6F /* Location.swift */,
			);
			path = Model;
			sourceTree = "<group>";
		};
		56850D2D24261B250088F434 /* SubViews */ = {
			isa = PBXGroup;
			children = (
				56850D2E24261B690088F434 /* MapView.swift */,
				B357BECD2426255400002D6F /* ShopCell.swift */,
			);
			path = SubViews;
			sourceTree = "<group>";
		};
		B357BE9A2425F8F200002D6F = {
			isa = PBXGroup;
			children = (
				B357BEA52425F8F200002D6F /* Stock Tracking */,
				B357BEBC2425F8F700002D6F /* Stock TrackingTests */,
				B357BEA42425F8F200002D6F /* Products */,
			);
			sourceTree = "<group>";
		};
		B357BEA42425F8F200002D6F /* Products */ = {
			isa = PBXGroup;
			children = (
				B357BEA32425F8F200002D6F /* Stock Tracking.app */,
				B357BEB92425F8F700002D6F /* Stock TrackingTests.xctest */,
			);
			name = Products;
			sourceTree = "<group>";
		};
		B357BEA52425F8F200002D6F /* Stock Tracking */ = {
			isa = PBXGroup;
			children = (
				56850D24242616580088F434 /* Model */,
				56850D232426164F0088F434 /* ViewModel */,
				56850D22242616400088F434 /* View */,
				B357BECA2426215E00002D6F /* Helper */,
				B357BEA62425F8F200002D6F /* AppDelegate.swift */,
				B357BEA82425F8F200002D6F /* SceneDelegate.swift */,
				B357BEAA2425F8F200002D6F /* ContentView.swift */,
				B357BEAC2425F8F600002D6F /* Assets.xcassets */,
				B357BEB12425F8F600002D6F /* LaunchScreen.storyboard */,
				B357BEB42425F8F600002D6F /* Info.plist */,
				B357BEAE2425F8F600002D6F /* Preview Content */,
			);
			path = "Stock Tracking";
			sourceTree = "<group>";
		};
		B357BEAE2425F8F600002D6F /* Preview Content */ = {
			isa = PBXGroup;
			children = (
				B357BEAF2425F8F600002D6F /* Preview Assets.xcassets */,
			);
			path = "Preview Content";
			sourceTree = "<group>";
		};
		B357BEBC2425F8F700002D6F /* Stock TrackingTests */ = {
			isa = PBXGroup;
			children = (
				B357BEBD2425F8F700002D6F /* Stock_TrackingTests.swift */,
				B357BEBF2425F8F700002D6F /* Info.plist */,
			);
			path = "Stock TrackingTests";
			sourceTree = "<group>";
		};
		B357BECA2426215E00002D6F /* Helper */ = {
			isa = PBXGroup;
			children = (
				B357BECB2426217300002D6F /* Colors.swift */,
			);
			path = Helper;
			sourceTree = "<group>";
		};
/* End PBXGroup section */

/* Begin PBXNativeTarget section */
		B357BEA22425F8F200002D6F /* Stock Tracking */ = {
			isa = PBXNativeTarget;
			buildConfigurationList = B357BEC22425F8F700002D6F /* Build configuration list for PBXNativeTarget "Stock Tracking" */;
			buildPhases = (
				B357BE9F2425F8F200002D6F /* Sources */,
				B357BEA02425F8F200002D6F /* Frameworks */,
				B357BEA12425F8F200002D6F /* Resources */,
			);
			buildRules = (
			);
			dependencies = (
			);
			name = "Stock Tracking";
			productName = "Stock Tracking";
			productReference = B357BEA32425F8F200002D6F /* Stock Tracking.app */;
			productType = "com.apple.product-type.application";
		};
		B357BEB82425F8F700002D6F /* Stock TrackingTests */ = {
			isa = PBXNativeTarget;
			buildConfigurationList = B357BEC52425F8F700002D6F /* Build configuration list for PBXNativeTarget "Stock TrackingTests" */;
			buildPhases = (
				B357BEB52425F8F700002D6F /* Sources */,
				B357BEB62425F8F700002D6F /* Frameworks */,
				B357BEB72425F8F700002D6F /* Resources */,
			);
			buildRules = (
			);
			dependencies = (
				B357BEBB2425F8F700002D6F /* PBXTargetDependency */,
			);
			name = "Stock TrackingTests";
			productName = "Stock TrackingTests";
			productReference = B357BEB92425F8F700002D6F /* Stock TrackingTests.xctest */;
			productType = "com.apple.product-type.bundle.unit-test";
		};
/* End PBXNativeTarget section */

/* Begin PBXProject section */
		B357BE9B2425F8F200002D6F /* Project object */ = {
			isa = PBXProject;
			attributes = {
				LastSwiftUpdateCheck = 1130;
				LastUpgradeCheck = 1130;
				ORGANIZATIONNAME = wIrvsvirus;
				TargetAttributes = {
					B357BEA22425F8F200002D6F = {
						CreatedOnToolsVersion = 11.3.1;
					};
					B357BEB82425F8F700002D6F = {
						CreatedOnToolsVersion = 11.3.1;
						TestTargetID = B357BEA22425F8F200002D6F;
					};
				};
			};
			buildConfigurationList = B357BE9E2425F8F200002D6F /* Build configuration list for PBXProject "Stock Tracking" */;
			compatibilityVersion = "Xcode 9.3";
			developmentRegion = en;
			hasScannedForEncodings = 0;
			knownRegions = (
				en,
				Base,
			);
			mainGroup = B357BE9A2425F8F200002D6F;
			productRefGroup = B357BEA42425F8F200002D6F /* Products */;
			projectDirPath = "";
			projectRoot = "";
			targets = (
				B357BEA22425F8F200002D6F /* Stock Tracking */,
				B357BEB82425F8F700002D6F /* Stock TrackingTests */,
			);
		};
/* End PBXProject section */

/* Begin PBXResourcesBuildPhase section */
		B357BEA12425F8F200002D6F /* Resources */ = {
			isa = PBXResourcesBuildPhase;
			buildActionMask = 2147483647;
			files = (
				B357BEB32425F8F600002D6F /* LaunchScreen.storyboard in Resources */,
				B357BEB02425F8F600002D6F /* Preview Assets.xcassets in Resources */,
				B357BEAD2425F8F600002D6F /* Assets.xcassets in Resources */,
			);
			runOnlyForDeploymentPostprocessing = 0;
		};
		B357BEB72425F8F700002D6F /* Resources */ = {
			isa = PBXResourcesBuildPhase;
			buildActionMask = 2147483647;
			files = (
			);
			runOnlyForDeploymentPostprocessing = 0;
		};
/* End PBXResourcesBuildPhase section */

/* Begin PBXSourcesBuildPhase section */
		B357BE9F2425F8F200002D6F /* Sources */ = {
			isa = PBXSourcesBuildPhase;
			buildActionMask = 2147483647;
			files = (
				56850D282426166C0088F434 /* ViewModel.swift in Sources */,
				B357BECC2426217300002D6F /* Colors.swift in Sources */,
				56850D2F24261B690088F434 /* MapView.swift in Sources */,
				B357BEA72425F8F200002D6F /* AppDelegate.swift in Sources */,
				B357BEDA242629CB00002D6F /* Location.swift in Sources */,
				56850D3324262C5A0088F434 /* CategoryModel.swift in Sources */,
				B357BED4242625CD00002D6F /* ProductModel.swift in Sources */,
				B357BEA92425F8F200002D6F /* SceneDelegate.swift in Sources */,
				B357BED82426274F00002D6F /* ShopMap.swift in Sources */,
				56850D3124261BF70088F434 /* LandmarkModel.swift in Sources */,
				B3EBBEB0242638F4007D5C36 /* ShopsView.swift in Sources */,
				B357BEAB2425F8F200002D6F /* ContentView.swift in Sources */,
				B357BED6242625EB00002D6F /* Availability.swift in Sources */,
				B357BED2242625BE00002D6F /* ShopModel.swift in Sources */,
				B357BECE2426255400002D6F /* ShopCell.swift in Sources */,
				B357BEC92426063700002D6F /* ShopList.swift in Sources */,
				56850D2A242616810088F434 /* TabBarView.swift in Sources */,
				56850D26242616630088F434 /* Model.swift in Sources */,
				B357BED0242625AD00002D6F /* ShopListModel.swift in Sources */,
				56850D2C242616D70088F434 /* ShopingList.swift in Sources */,
			);
			runOnlyForDeploymentPostprocessing = 0;
		};
		B357BEB52425F8F700002D6F /* Sources */ = {
			isa = PBXSourcesBuildPhase;
			buildActionMask = 2147483647;
			files = (
				B357BEBE2425F8F700002D6F /* Stock_TrackingTests.swift in Sources */,
			);
			runOnlyForDeploymentPostprocessing = 0;
		};
/* End PBXSourcesBuildPhase section */

/* Begin PBXTargetDependency section */
		B357BEBB2425F8F700002D6F /* PBXTargetDependency */ = {
			isa = PBXTargetDependency;
			target = B357BEA22425F8F200002D6F /* Stock Tracking */;
			targetProxy = B357BEBA2425F8F700002D6F /* PBXContainerItemProxy */;
		};
/* End PBXTargetDependency section */

/* Begin PBXVariantGroup section */
		B357BEB12425F8F600002D6F /* LaunchScreen.storyboard */ = {
			isa = PBXVariantGroup;
			children = (
				B357BEB22425F8F600002D6F /* Base */,
			);
			name = LaunchScreen.storyboard;
			sourceTree = "<group>";
		};
/* End PBXVariantGroup section */

/* Begin XCBuildConfiguration section */
		B357BEC02425F8F700002D6F /* Debug */ = {
			isa = XCBuildConfiguration;
			buildSettings = {
				ALWAYS_SEARCH_USER_PATHS = NO;
				CLANG_ANALYZER_NONNULL = YES;
				CLANG_ANALYZER_NUMBER_OBJECT_CONVERSION = YES_AGGRESSIVE;
				CLANG_CXX_LANGUAGE_STANDARD = "gnu++14";
				CLANG_CXX_LIBRARY = "libc++";
				CLANG_ENABLE_MODULES = YES;
				CLANG_ENABLE_OBJC_ARC = YES;
				CLANG_ENABLE_OBJC_WEAK = YES;
				CLANG_WARN_BLOCK_CAPTURE_AUTORELEASING = YES;
				CLANG_WARN_BOOL_CONVERSION = YES;
				CLANG_WARN_COMMA = YES;
				CLANG_WARN_CONSTANT_CONVERSION = YES;
				CLANG_WARN_DEPRECATED_OBJC_IMPLEMENTATIONS = YES;
				CLANG_WARN_DIRECT_OBJC_ISA_USAGE = YES_ERROR;
				CLANG_WARN_DOCUMENTATION_COMMENTS = YES;
				CLANG_WARN_EMPTY_BODY = YES;
				CLANG_WARN_ENUM_CONVERSION = YES;
				CLANG_WARN_INFINITE_RECURSION = YES;
				CLANG_WARN_INT_CONVERSION = YES;
				CLANG_WARN_NON_LITERAL_NULL_CONVERSION = YES;
				CLANG_WARN_OBJC_IMPLICIT_RETAIN_SELF = YES;
				CLANG_WARN_OBJC_LITERAL_CONVERSION = YES;
				CLANG_WARN_OBJC_ROOT_CLASS = YES_ERROR;
				CLANG_WARN_RANGE_LOOP_ANALYSIS = YES;
				CLANG_WARN_STRICT_PROTOTYPES = YES;
				CLANG_WARN_SUSPICIOUS_MOVE = YES;
				CLANG_WARN_UNGUARDED_AVAILABILITY = YES_AGGRESSIVE;
				CLANG_WARN_UNREACHABLE_CODE = YES;
				CLANG_WARN__DUPLICATE_METHOD_MATCH = YES;
				COPY_PHASE_STRIP = NO;
				DEBUG_INFORMATION_FORMAT = dwarf;
				ENABLE_STRICT_OBJC_MSGSEND = YES;
				ENABLE_TESTABILITY = YES;
				GCC_C_LANGUAGE_STANDARD = gnu11;
				GCC_DYNAMIC_NO_PIC = NO;
				GCC_NO_COMMON_BLOCKS = YES;
				GCC_OPTIMIZATION_LEVEL = 0;
				GCC_PREPROCESSOR_DEFINITIONS = (
					"DEBUG=1",
					"$(inherited)",
				);
				GCC_WARN_64_TO_32_BIT_CONVERSION = YES;
				GCC_WARN_ABOUT_RETURN_TYPE = YES_ERROR;
				GCC_WARN_UNDECLARED_SELECTOR = YES;
				GCC_WARN_UNINITIALIZED_AUTOS = YES_AGGRESSIVE;
				GCC_WARN_UNUSED_FUNCTION = YES;
				GCC_WARN_UNUSED_VARIABLE = YES;
				IPHONEOS_DEPLOYMENT_TARGET = 13.2;
				MTL_ENABLE_DEBUG_INFO = INCLUDE_SOURCE;
				MTL_FAST_MATH = YES;
				ONLY_ACTIVE_ARCH = YES;
				SDKROOT = iphoneos;
				SWIFT_ACTIVE_COMPILATION_CONDITIONS = DEBUG;
				SWIFT_OPTIMIZATION_LEVEL = "-Onone";
			};
			name = Debug;
		};
		B357BEC12425F8F700002D6F /* Release */ = {
			isa = XCBuildConfiguration;
			buildSettings = {
				ALWAYS_SEARCH_USER_PATHS = NO;
				CLANG_ANALYZER_NONNULL = YES;
				CLANG_ANALYZER_NUMBER_OBJECT_CONVERSION = YES_AGGRESSIVE;
				CLANG_CXX_LANGUAGE_STANDARD = "gnu++14";
				CLANG_CXX_LIBRARY = "libc++";
				CLANG_ENABLE_MODULES = YES;
				CLANG_ENABLE_OBJC_ARC = YES;
				CLANG_ENABLE_OBJC_WEAK = YES;
				CLANG_WARN_BLOCK_CAPTURE_AUTORELEASING = YES;
				CLANG_WARN_BOOL_CONVERSION = YES;
				CLANG_WARN_COMMA = YES;
				CLANG_WARN_CONSTANT_CONVERSION = YES;
				CLANG_WARN_DEPRECATED_OBJC_IMPLEMENTATIONS = YES;
				CLANG_WARN_DIRECT_OBJC_ISA_USAGE = YES_ERROR;
				CLANG_WARN_DOCUMENTATION_COMMENTS = YES;
				CLANG_WARN_EMPTY_BODY = YES;
				CLANG_WARN_ENUM_CONVERSION = YES;
				CLANG_WARN_INFINITE_RECURSION = YES;
				CLANG_WARN_INT_CONVERSION = YES;
				CLANG_WARN_NON_LITERAL_NULL_CONVERSION = YES;
				CLANG_WARN_OBJC_IMPLICIT_RETAIN_SELF = YES;
				CLANG_WARN_OBJC_LITERAL_CONVERSION = YES;
				CLANG_WARN_OBJC_ROOT_CLASS = YES_ERROR;
				CLANG_WARN_RANGE_LOOP_ANALYSIS = YES;
				CLANG_WARN_STRICT_PROTOTYPES = YES;
				CLANG_WARN_SUSPICIOUS_MOVE = YES;
				CLANG_WARN_UNGUARDED_AVAILABILITY = YES_AGGRESSIVE;
				CLANG_WARN_UNREACHABLE_CODE = YES;
				CLANG_WARN__DUPLICATE_METHOD_MATCH = YES;
				COPY_PHASE_STRIP = NO;
				DEBUG_INFORMATION_FORMAT = "dwarf-with-dsym";
				ENABLE_NS_ASSERTIONS = NO;
				ENABLE_STRICT_OBJC_MSGSEND = YES;
				GCC_C_LANGUAGE_STANDARD = gnu11;
				GCC_NO_COMMON_BLOCKS = YES;
				GCC_WARN_64_TO_32_BIT_CONVERSION = YES;
				GCC_WARN_ABOUT_RETURN_TYPE = YES_ERROR;
				GCC_WARN_UNDECLARED_SELECTOR = YES;
				GCC_WARN_UNINITIALIZED_AUTOS = YES_AGGRESSIVE;
				GCC_WARN_UNUSED_FUNCTION = YES;
				GCC_WARN_UNUSED_VARIABLE = YES;
				IPHONEOS_DEPLOYMENT_TARGET = 13.2;
				MTL_ENABLE_DEBUG_INFO = NO;
				MTL_FAST_MATH = YES;
				SDKROOT = iphoneos;
				SWIFT_COMPILATION_MODE = wholemodule;
				SWIFT_OPTIMIZATION_LEVEL = "-O";
				VALIDATE_PRODUCT = YES;
			};
			name = Release;
		};
		B357BEC32425F8F700002D6F /* Debug */ = {
			isa = XCBuildConfiguration;
			buildSettings = {
				ASSETCATALOG_COMPILER_APPICON_NAME = AppIcon;
				CODE_SIGN_STYLE = Automatic;
				DEVELOPMENT_ASSET_PATHS = "\"Stock Tracking/Preview Content\"";
				DEVELOPMENT_TEAM = P459Y32P65;
				ENABLE_PREVIEWS = YES;
				INFOPLIST_FILE = "Stock Tracking/Info.plist";
				LD_RUNPATH_SEARCH_PATHS = (
					"$(inherited)",
					"@executable_path/Frameworks",
				);
				PRODUCT_BUNDLE_IDENTIFIER = "org.wirvsvirushackathon.Stock-Tracking";
				PRODUCT_NAME = "$(TARGET_NAME)";
				SWIFT_VERSION = 5.0;
				TARGETED_DEVICE_FAMILY = "1,2";
			};
			name = Debug;
		};
		B357BEC42425F8F700002D6F /* Release */ = {
			isa = XCBuildConfiguration;
			buildSettings = {
				ASSETCATALOG_COMPILER_APPICON_NAME = AppIcon;
				CODE_SIGN_STYLE = Automatic;
				DEVELOPMENT_ASSET_PATHS = "\"Stock Tracking/Preview Content\"";
				DEVELOPMENT_TEAM = P459Y32P65;
				ENABLE_PREVIEWS = YES;
				INFOPLIST_FILE = "Stock Tracking/Info.plist";
				LD_RUNPATH_SEARCH_PATHS = (
					"$(inherited)",
					"@executable_path/Frameworks",
				);
				PRODUCT_BUNDLE_IDENTIFIER = "org.wirvsvirushackathon.Stock-Tracking";
				PRODUCT_NAME = "$(TARGET_NAME)";
				SWIFT_VERSION = 5.0;
				TARGETED_DEVICE_FAMILY = "1,2";
			};
			name = Release;
		};
		B357BEC62425F8F700002D6F /* Debug */ = {
			isa = XCBuildConfiguration;
			buildSettings = {
				ALWAYS_EMBED_SWIFT_STANDARD_LIBRARIES = YES;
				BUNDLE_LOADER = "$(TEST_HOST)";
				CODE_SIGN_STYLE = Automatic;
				DEVELOPMENT_TEAM = P459Y32P65;
				INFOPLIST_FILE = "Stock TrackingTests/Info.plist";
				IPHONEOS_DEPLOYMENT_TARGET = 13.2;
				LD_RUNPATH_SEARCH_PATHS = (
					"$(inherited)",
					"@executable_path/Frameworks",
					"@loader_path/Frameworks",
				);
				PRODUCT_BUNDLE_IDENTIFIER = "org.wirvsvirushackathon.Stock-TrackingTests";
				PRODUCT_NAME = "$(TARGET_NAME)";
				SWIFT_VERSION = 5.0;
				TARGETED_DEVICE_FAMILY = "1,2";
				TEST_HOST = "$(BUILT_PRODUCTS_DIR)/Stock Tracking.app/Stock Tracking";
			};
			name = Debug;
		};
		B357BEC72425F8F700002D6F /* Release */ = {
			isa = XCBuildConfiguration;
			buildSettings = {
				ALWAYS_EMBED_SWIFT_STANDARD_LIBRARIES = YES;
				BUNDLE_LOADER = "$(TEST_HOST)";
				CODE_SIGN_STYLE = Automatic;
				DEVELOPMENT_TEAM = P459Y32P65;
				INFOPLIST_FILE = "Stock TrackingTests/Info.plist";
				IPHONEOS_DEPLOYMENT_TARGET = 13.2;
				LD_RUNPATH_SEARCH_PATHS = (
					"$(inherited)",
					"@executable_path/Frameworks",
					"@loader_path/Frameworks",
				);
				PRODUCT_BUNDLE_IDENTIFIER = "org.wirvsvirushackathon.Stock-TrackingTests";
				PRODUCT_NAME = "$(TARGET_NAME)";
				SWIFT_VERSION = 5.0;
				TARGETED_DEVICE_FAMILY = "1,2";
				TEST_HOST = "$(BUILT_PRODUCTS_DIR)/Stock Tracking.app/Stock Tracking";
			};
			name = Release;
		};
/* End XCBuildConfiguration section */

/* Begin XCConfigurationList section */
		B357BE9E2425F8F200002D6F /* Build configuration list for PBXProject "Stock Tracking" */ = {
			isa = XCConfigurationList;
			buildConfigurations = (
				B357BEC02425F8F700002D6F /* Debug */,
				B357BEC12425F8F700002D6F /* Release */,
			);
			defaultConfigurationIsVisible = 0;
			defaultConfigurationName = Release;
		};
		B357BEC22425F8F700002D6F /* Build configuration list for PBXNativeTarget "Stock Tracking" */ = {
			isa = XCConfigurationList;
			buildConfigurations = (
				B357BEC32425F8F700002D6F /* Debug */,
				B357BEC42425F8F700002D6F /* Release */,
			);
			defaultConfigurationIsVisible = 0;
			defaultConfigurationName = Release;
		};
		B357BEC52425F8F700002D6F /* Build configuration list for PBXNativeTarget "Stock TrackingTests" */ = {
			isa = XCConfigurationList;
			buildConfigurations = (
				B357BEC62425F8F700002D6F /* Debug */,
				B357BEC72425F8F700002D6F /* Release */,
			);
			defaultConfigurationIsVisible = 0;
			defaultConfigurationName = Release;
		};
/* End XCConfigurationList section */
	};
	rootObject = B357BE9B2425F8F200002D6F /* Project object */;
}
